{
  "name": "ada-tech",
  "version": "1.0.0",
  "lockfileVersion": 3,
  "requires": true,
  "packages": {
    "": {
      "name": "ada-tech",
      "version": "1.0.0",
      "license": "ISC",
      "dependencies": {
        "endoida": "^1.0.0",
        "readline-sync": "^1.4.10"
      }
    },
    "node_modules/endoida": {
      "version": "1.0.0",
      "resolved": "https://registry.npmjs.org/endoida/-/endoida-1.0.0.tgz",
      "integrity": "sha512-lG4GNZvuJ6mhUFVJlt0obM1QXtOq4GzvUV6tuXUvsqrrfCs/jVU310RCbz4rVsKwUgIl/yd8MDxJOpLxSBDEZQ==",
      "license": "MIT",
      "dependencies": {
        "ramda": "^0.26.1"
      },
      "bin": {
        "daledale": "index.js"
      }
    },
    "node_modules/ramda": {
      "version": "0.26.1",
      "resolved": "https://registry.npmjs.org/ramda/-/ramda-0.26.1.tgz",
      "integrity": "sha512-hLWjpy7EnsDBb0p+Z3B7rPi3GDeRG5ZtiI33kJhTt+ORCd38AbAIjB/9zRIUoeTbE/AVX5ZkU7m6bznsvrf8eQ==",
      "license": "MIT"
    },
    "node_modules/readline-sync": {
      "version": "1.4.10",
      "resolved": "https://registry.npmjs.org/readline-sync/-/readline-sync-1.4.10.tgz",
      "integrity": "sha512-gNva8/6UAe8QYepIQH/jQ2qn91Qj0B9sYjMBBs3QOB8F2CXcKgLxQaJRP76sWVRQt+QU+8fAkCbCvjjMFu7Ycw==",
      "license": "MIT",
      "engines": {
        "node": ">= 0.8.0"
      }
    }
  }
}
